
Microsoft Visual Studio Solution File, Format Version 12.00
# Visual Studio Version 17
VisualStudioVersion = 17.2.32602.215
MinimumVisualStudioVersion = 10.0.40219.1
Project("{2150E333-8FDC-42A3-9474-1A3956D46DE8}") = "NumeroFaltante", "NumeroFaltante", "{73948610-FCB1-4689-965E-6C12406E2D26}"
EndProject
Project("{FAE04EC0-301F-11D3-BF4B-00C04F79EFBC}") = "NumeroFaltanteAlgoritmo", "NumeroFaltanteAlgoritmo\NumeroFaltanteAlgoritmo.csproj", "{4340EF8A-5C08-4925-AE04-AECA93D1122E}"
EndProject
Project("{FAE04EC0-301F-11D3-BF4B-00C04F79EFBC}") = "NumeroFaltanteBiblioteca", "NumeroFaltanteBiblioteca\NumeroFaltanteBiblioteca.csproj", "{363CC1E8-73E5-4F1E-96D3-7C0155D52BEF}"
EndProject
Project("{FAE04EC0-301F-11D3-BF4B-00C04F79EFBC}") = "NumeroFaltantePrueba", "NumeroFaltantePrueba\NumeroFaltantePrueba.csproj", "{E9BE58E0-EEEA-470D-9D08-F3D723B3F058}"
EndProject
Global
	GlobalSection(SolutionConfigurationPlatforms) = preSolution
		Debug|Any CPU = Debug|Any CPU
		Release|Any CPU = Release|Any CPU
	EndGlobalSection
	GlobalSection(ProjectConfigurationPlatforms) = postSolution
		{4340EF8A-5C08-4925-AE04-AECA93D1122E}.Debug|Any CPU.ActiveCfg = Debug|Any CPU
		{4340EF8A-5C08-4925-AE04-AECA93D1122E}.Debug|Any CPU.Build.0 = Debug|Any CPU
		{4340EF8A-5C08-4925-AE04-AECA93D1122E}.Release|Any CPU.ActiveCfg = Release|Any CPU
		{4340EF8A-5C08-4925-AE04-AECA93D1122E}.Release|Any CPU.Build.0 = Release|Any CPU
		{363CC1E8-73E5-4F1E-96D3-7C0155D52BEF}.Debug|Any CPU.ActiveCfg = Debug|Any CPU
		{363CC1E8-73E5-4F1E-96D3-7C0155D52BEF}.Debug|Any CPU.Build.0 = Debug|Any CPU
		{363CC1E8-73E5-4F1E-96D3-7C0155D52BEF}.Release|Any CPU.ActiveCfg = Release|Any CPU
		{363CC1E8-73E5-4F1E-96D3-7C0155D52BEF}.Release|Any CPU.Build.0 = Release|Any CPU
		{E9BE58E0-EEEA-470D-9D08-F3D723B3F058}.Debug|Any CPU.ActiveCfg = Debug|Any CPU
		{E9BE58E0-EEEA-470D-9D08-F3D723B3F058}.Debug|Any CPU.Build.0 = Debug|Any CPU
		{E9BE58E0-EEEA-470D-9D08-F3D723B3F058}.Release|Any CPU.ActiveCfg = Release|Any CPU
		{E9BE58E0-EEEA-470D-9D08-F3D723B3F058}.Release|Any CPU.Build.0 = Release|Any CPU
	EndGlobalSection
	GlobalSection(SolutionProperties) = preSolution
		HideSolutionNode = FALSE
	EndGlobalSection
	GlobalSection(NestedProjects) = preSolution
		{4340EF8A-5C08-4925-AE04-AECA93D1122E} = {73948610-FCB1-4689-965E-6C12406E2D26}
		{363CC1E8-73E5-4F1E-96D3-7C0155D52BEF} = {73948610-FCB1-4689-965E-6C12406E2D26}
		{E9BE58E0-EEEA-470D-9D08-F3D723B3F058} = {73948610-FCB1-4689-965E-6C12406E2D26}
	EndGlobalSection
	GlobalSection(ExtensibilityGlobals) = postSolution
		SolutionGuid = {42D01554-9D13-46EB-A451-5D7D27B51703}
	EndGlobalSection
EndGlobal
